// !$*UTF8*$!
{
	archiveVersion = 1;
	classes = {
	};
	objectVersion = 77;
	objects = {

/* Begin PBXBuildFile section */
		ED2AA5F02F645D2600B8AB6E /* browser in Resources */ = {isa = PBXBuildFile; fileRef = ED2AA5EF2F645D2600B8AB6E /* browser */; };
		ED5AA8E82F6ED64A004D64F1 /* LaunchScreen.storyboard in Resources */ = {isa = PBXBuildFile; fileRef = ED5AA8E72F6ED64A004D64F1 /* LaunchScreen.storyboard */; };
/* End PBXBuildFile section */

/* Begin PBXContainerItemProxy section */
		ED2AA5C22F644DE500B8AB6E /* PBXContainerItemProxy */ = {
			isa = PBXContainerItemProxy;
			containerPortal = ED2AA5A92F644DE300B8AB6E /* Project object */;
			proxyType = 1;
			remoteGlobalIDString = ED2AA5B02F644DE300B8AB6E;
			remoteInfo = WaterStack;
		};
		ED2AA5CC2F644DE500B8AB6E /* PBXContainerItemProxy */ = {
			isa = PBXContainerItemProxy;
			containerPortal = ED2AA5A92F644DE300B8AB6E /* Project object */;
			proxyType = 1;
			remoteGlobalIDString = ED2AA5B02F644DE300B8AB6E;
			remoteInfo = WaterStack;
		};
/* End PBXContainerItemProxy section */

/* Begin PBXFileReference section */
		ED2AA5B12F644DE300B8AB6E /* WaterStack.app */ = {isa = PBXFileReference; explicitFileType = wrapper.application; includeInIndex = 0; path = WaterStack.app; sourceTree = BUILT_PRODUCTS_DIR; };
		ED2AA5C12F644DE500B8AB6E /* WaterStackTests.xctest */ = {isa = PBXFileReference; explicitFileType = wrapper.cfbundle; includeInIndex = 0; path = WaterStackTests.xctest; sourceTree = BUILT_PRODUCTS_DIR; };
		ED2AA5CB2F644DE500B8AB6E /* WaterStackUITests.xctest */ = {isa = PBXFileReference; explicitFileType = wrapper.cfbundle; includeInIndex = 0; path = WaterStackUITests.xctest; sourceTree = BUILT_PRODUCTS_DIR; };
		ED2AA5EF2F645D2600B8AB6E /* browser */ = {isa = PBXFileReference; lastKnownFileType = folder; name = browser; path = ../WaterStackAngular/dist/mul/browser; sourceTree = "<group>"; };
		ED5AA8E72F6ED64A004D64F1 /* LaunchScreen.storyboard */ = {isa = PBXFileReference; lastKnownFileType = file.storyboard; path = LaunchScreen.storyboard; sourceTree = "<group>"; };
/* End PBXFileReference section */

/* Begin PBXFileSystemSynchronizedRootGroup section */
		ED2AA5B32F644DE300B8AB6E /* WaterStack */ = {
			isa = PBXFileSystemSynchronizedRootGroup;
			path = WaterStack;
			sourceTree = "<group>";
		};
		ED2AA5C42F644DE500B8AB6E /* WaterStackTests */ = {
			isa = PBXFileSystemSynchronizedRootGroup;
			path = WaterStackTests;
			sourceTree = "<group>";
		};
		ED2AA5CE2F644DE500B8AB6E /* WaterStackUITests */ = {
			isa = PBXFileSystemSynchronizedRootGroup;
			path = WaterStackUITests;
			sourceTree = "<group>";
		};
/* End PBXFileSystemSynchronizedRootGroup section */

/* Begin PBXFrameworksBuildPhase section */
		ED2AA5AE2F644DE300B8AB6E /* Frameworks */ = {
			isa = PBXFrameworksBuildPhase;
			buildActionMask = 2147483647;
			files = (
			);
			runOnlyForDeploymentPostprocessing = 0;
		};
		ED2AA5BE2F644DE500B8AB6E /* Frameworks */ = {
			isa = PBXFrameworksBuildPhase;
			buildActionMask = 2147483647;
			files = (
			);
			runOnlyForDeploymentPostprocessing = 0;
		};
		ED2AA5C82F644DE500B8AB6E /* Frameworks */ = {
			isa = PBXFrameworksBuildPhase;
			buildActionMask = 2147483647;
			files = (
			);
			runOnlyForDeploymentPostprocessing = 0;
		};
/* End PBXFrameworksBuildPhase section */

/* Begin PBXGroup section */
		ED2AA5A82F644DE300B8AB6E = {
			isa = PBXGroup;
			children = (
				ED5AA8E72F6ED64A004D64F1 /* LaunchScreen.storyboard */,
				ED2AA5EF2F645D2600B8AB6E /* browser */,
				ED2AA5B32F644DE300B8AB6E /* WaterStack */,
				ED2AA5C42F644DE500B8AB6E /* WaterStackTests */,
				ED2AA5CE2F644DE500B8AB6E /* WaterStackUITests */,
				ED2AA5B22F644DE300B8AB6E /* Products */,
			);
			sourceTree = "<group>";
		};
		ED2AA5B22F644DE300B8AB6E /* Products */ = {
			isa = PBXGroup;
			children = (
				ED2AA5B12F644DE300B8AB6E /* WaterStack.app */,
				ED2AA5C12F644DE500B8AB6E /* WaterStackTests.xctest */,
				ED2AA5CB2F644DE500B8AB6E /* WaterStackUITests.xctest */,
			);
			name = Products;
			sourceTree = "<group>";
		};
/* End PBXGroup section */

/* Begin PBXNativeTarget section */
		ED2AA5B02F644DE300B8AB6E /* WaterStack */ = {
			isa = PBXNativeTarget;
			buildConfigurationList = ED2AA5D52F644DE500B8AB6E /* Build configuration list for PBXNativeTarget "WaterStack" */;
			buildPhases = (
				ED2AA5AD2F644DE300B8AB6E /* Sources */,
				ED2AA5AE2F644DE300B8AB6E /* Frameworks */,
				ED2AA5AF2F644DE300B8AB6E /* Resources */,
			);
			buildRules = (
			);
			dependencies = (
			);
			fileSystemSynchronizedGroups = (
				ED2AA5B32F644DE300B8AB6E /* WaterStack */,
			);
			name = WaterStack;
			packageProductDependencies = (
			);
			productName = WaterStack;
			productReference = ED2AA5B12F644DE300B8AB6E /* WaterStack.app */;
			productType = "com.apple.product-type.application";
		};
		ED2AA5C02F644DE500B8AB6E /* WaterStackTests */ = {
			isa = PBXNativeTarget;
			buildConfigurationList = ED2AA5D82F644DE500B8AB6E /* Build configuration list for PBXNativeTarget "WaterStackTests" */;
			buildPhases = (
				ED2AA5BD2F644DE500B8AB6E /* Sources */,
				ED2AA5BE2F644DE500B8AB6E /* Frameworks */,
				ED2AA5BF2F644DE500B8AB6E /* Resources */,
			);
			buildRules = (
			);
			dependencies = (
				ED2AA5C32F644DE500B8AB6E /* PBXTargetDependency */,
			);
			fileSystemSynchronizedGroups = (
				ED2AA5C42F644DE500B8AB6E /* WaterStackTests */,
			);
			name = WaterStackTests;
			packageProductDependencies = (
			);
			productName = WaterStackTests;
			productReference = ED2AA5C12F644DE500B8AB6E /* WaterStackTests.xctest */;
			productType = "com.apple.product-type.bundle.unit-test";
		};
		ED2AA5CA2F644DE500B8AB6E /* WaterStackUITests */ = {
			isa = PBXNativeTarget;
			buildConfigurationList = ED2AA5DB2F644DE500B8AB6E /* Build configuration list for PBXNativeTarget "WaterStackUITests" */;
			buildPhases = (
				ED2AA5C72F644DE500B8AB6E /* Sources */,
				ED2AA5C82F644DE500B8AB6E /* Frameworks */,
				ED2AA5C92F644DE500B8AB6E /* Resources */,
			);
			buildRules = (
			);
			dependencies = (
				ED2AA5CD2F644DE500B8AB6E /* PBXTargetDependency */,
			);
			fileSystemSynchronizedGroups = (
				ED2AA5CE2F644DE500B8AB6E /* WaterStackUITests */,
			);
			name = WaterStackUITests;
			packageProductDependencies = (
			);
			productName = WaterStackUITests;
			productReference = ED2AA5CB2F644DE500B8AB6E /* WaterStackUITests.xctest */;
			productType = "com.apple.product-type.bundle.ui-testing";
		};
/* End PBXNativeTarget section */

/* Begin PBXProject section */
		ED2AA5A92F644DE300B8AB6E /* Project object */ = {
			isa = PBXProject;
			attributes = {
				BuildIndependentTargetsInParallel = 1;
				LastSwiftUpdateCheck = 1620;
				LastUpgradeCheck = 1620;
				TargetAttributes = {
					ED2AA5B02F644DE300B8AB6E = {
						CreatedOnToolsVersion = 16.2;
					};
					ED2AA5C02F644DE500B8AB6E = {
						CreatedOnToolsVersion = 16.2;
						TestTargetID = ED2AA5B02F644DE300B8AB6E;
					};
					ED2AA5CA2F644DE500B8AB6E = {
						CreatedOnToolsVersion = 16.2;
						TestTargetID = ED2AA5B02F644DE300B8AB6E;
					};
				};
			};
			buildConfigurationList = ED2AA5AC2F644DE300B8AB6E /* Build configuration list for PBXProject "WaterStack" */;
			developmentRegion = en;
			hasScannedForEncodings = 0;
			knownRegions = (
				en,
				Base,
			);
			mainGroup = ED2AA5A82F644DE300B8AB6E;
			minimizedProjectReferenceProxies = 1;
			preferredProjectObjectVersion = 77;
			productRefGroup = ED2AA5B22F644DE300B8AB6E /* Products */;
			projectDirPath = "";
			projectRoot = "";
			targets = (
				ED2AA5B02F644DE300B8AB6E /* WaterStack */,
				ED2AA5C02F644DE500B8AB6E /* WaterStackTests */,
				ED2AA5CA2F644DE500B8AB6E /* WaterStackUITests */,
			);
		};
/* End PBXProject section */

/* Begin PBXResourcesBuildPhase section */
		ED2AA5AF2F644DE300B8AB6E /* Resources */ = {
			isa = PBXResourcesBuildPhase;
			buildActionMask = 2147483647;
			files = (
				ED5AA8E82F6ED64A004D64F1 /* LaunchScreen.storyboard in Resources */,
				ED2AA5F02F645D2600B8AB6E /* browser in Resources */,
			);
			runOnlyForDeploymentPostprocessing = 0;
		};
		ED2AA5BF2F644DE500B8AB6E /* Resources */ = {
			isa = PBXResourcesBuildPhase;
			buildActionMask = 2147483647;
			files = (
			);
			runOnlyForDeploymentPostprocessing = 0;
		};
		ED2AA5C92F644DE500B8AB6E /* Resources */ = {
			isa = PBXResourcesBuildPhase;
			buildActionMask = 2147483647;
			files = (
			);
			runOnlyForDeploymentPostprocessing = 0;
		};
/* End PBXResourcesBuildPhase section */

/* Begin PBXSourcesBuildPhase section */
		ED2AA5AD2F644DE300B8AB6E /* Sources */ = {
			isa = PBXSourcesBuildPhase;
			buildActionMask = 2147483647;
			files = (
			);
			runOnlyForDeploymentPostprocessing = 0;
		};
		ED2AA5BD2F644DE500B8AB6E /* Sources */ = {
			isa = PBXSourcesBuildPhase;
			buildActionMask = 2147483647;
			files = (
			);
			runOnlyForDeploymentPostprocessing = 0;
		};
		ED2AA5C72F644DE500B8AB6E /* Sources */ = {
			isa = PBXSourcesBuildPhase;
			buildActionMask = 2147483647;
			files = (
			);
			runOnlyForDeploymentPostprocessing = 0;
		};
/* End PBXSourcesBuildPhase section */

/* Begin PBXTargetDependency section */
		ED2AA5C32F644DE500B8AB6E /* PBXTargetDependency */ = {
			isa = PBXTargetDependency;
			target = ED2AA5B02F644DE300B8AB6E /* WaterStack */;
			targetProxy = ED2AA5C22F644DE500B8AB6E /* PBXContainerItemProxy */;
		};
		ED2AA5CD2F644DE500B8AB6E /* PBXTargetDependency */ = {
			isa = PBXTargetDependency;
			target = ED2AA5B02F644DE300B8AB6E /* WaterStack */;
			targetProxy = ED2AA5CC2F644DE500B8AB6E /* PBXContainerItemProxy */;
		};
/* End PBXTargetDependency section */

/* Begin XCBuildConfiguration section */
		ED2AA5D32F644DE500B8AB6E /* Debug */ = {
			isa = XCBuildConfiguration;
			buildSettings = {
				ALWAYS_SEARCH_USER_PATHS = NO;
				ASSETCATALOG_COMPILER_GENERATE_SWIFT_ASSET_SYMBOL_EXTENSIONS = YES;
				CLANG_ANALYZER_NONNULL = YES;
				CLANG_ANALYZER_NUMBER_OBJECT_CONVERSION = YES_AGGRESSIVE;
				CLANG_CXX_LANGUAGE_STANDARD = "gnu++20";
				CLANG_ENABLE_MODULES = YES;
				CLANG_ENABLE_OBJC_ARC = YES;
				CLANG_ENABLE_OBJC_WEAK = YES;
				CLANG_WARN_BLOCK_CAPTURE_AUTORELEASING = YES;
				CLANG_WARN_BOOL_CONVERSION = YES;
				CLANG_WARN_COMMA = YES;
				CLANG_WARN_CONSTANT_CONVERSION = YES;
				CLANG_WARN_DEPRECATED_OBJC_IMPLEMENTATIONS = YES;
				CLANG_WARN_DIRECT_OBJC_ISA_USAGE = YES_ERROR;
				CLANG_WARN_DOCUMENTATION_COMMENTS = YES;
				CLANG_WARN_EMPTY_BODY = YES;
				CLANG_WARN_ENUM_CONVERSION = YES;
				CLANG_WARN_INFINITE_RECURSION = YES;
				CLANG_WARN_INT_CONVERSION = YES;
				CLANG_WARN_NON_LITERAL_NULL_CONVERSION = YES;
				CLANG_WARN_OBJC_IMPLICIT_RETAIN_SELF = YES;
				CLANG_WARN_OBJC_LITERAL_CONVERSION = YES;
				CLANG_WARN_OBJC_ROOT_CLASS = YES_ERROR;
				CLANG_WARN_QUOTED_INCLUDE_IN_FRAMEWORK_HEADER = YES;
				CLANG_WARN_RANGE_LOOP_ANALYSIS = YES;
				CLANG_WARN_STRICT_PROTOTYPES = YES;
				CLANG_WARN_SUSPICIOUS_MOVE = YES;
				CLANG_WARN_UNGUARDED_AVAILABILITY = YES_AGGRESSIVE;
				CLANG_WARN_UNREACHABLE_CODE = YES;
				CLANG_WARN__DUPLICATE_METHOD_MATCH = YES;
				COPY_PHASE_STRIP = NO;
				DEBUG_INFORMATION_FORMAT = dwarf;
				ENABLE_STRICT_OBJC_MSGSEND = YES;
				ENABLE_TESTABILITY = YES;
				ENABLE_USER_SCRIPT_SANDBOXING = YES;
				GCC_C_LANGUAGE_STANDARD = gnu17;
				GCC_DYNAMIC_NO_PIC = NO;
				GCC_NO_COMMON_BLOCKS = YES;
				GCC_OPTIMIZATION_LEVEL = 0;
				GCC_PREPROCESSOR_DEFINITIONS = (
					"DEBUG=1",
					"$(inherited)",
				);
				GCC_WARN_64_TO_32_BIT_CONVERSION = YES;
				GCC_WARN_ABOUT_RETURN_TYPE = YES_ERROR;
				GCC_WARN_UNDECLARED_SELECTOR = YES;
				GCC_WARN_UNINITIALIZED_AUTOS = YES_AGGRESSIVE;
				GCC_WARN_UNUSED_FUNCTION = YES;
				GCC_WARN_UNUSED_VARIABLE = YES;
				IPHONEOS_DEPLOYMENT_TARGET = 18.2;
				LOCALIZATION_PREFERS_STRING_CATALOGS = YES;
				MTL_ENABLE_DEBUG_INFO = INCLUDE_SOURCE;
				MTL_FAST_MATH = YES;
				ONLY_ACTIVE_ARCH = YES;
				SDKROOT = iphoneos;
				SWIFT_ACTIVE_COMPILATION_CONDITIONS = "DEBUG $(inherited)";
				SWIFT_OPTIMIZATION_LEVEL = "-Onone";
			};
			name = Debug;
		};
		ED2AA5D42F644DE500B8AB6E /* Release */ = {
			isa = XCBuildConfiguration;
			buildSettings = {
				ALWAYS_SEARCH_USER_PATHS = NO;
				ASSETCATALOG_COMPILER_GENERATE_SWIFT_ASSET_SYMBOL_EXTENSIONS = YES;
				CLANG_ANALYZER_NONNULL = YES;
				CLANG_ANALYZER_NUMBER_OBJECT_CONVERSION = YES_AGGRESSIVE;
				CLANG_CXX_LANGUAGE_STANDARD = "gnu++20";
				CLANG_ENABLE_MODULES = YES;
				CLANG_ENABLE_OBJC_ARC = YES;
				CLANG_ENABLE_OBJC_WEAK = YES;
				CLANG_WARN_BLOCK_CAPTURE_AUTORELEASING = YES;
				CLANG_WARN_BOOL_CONVERSION = YES;
				CLANG_WARN_COMMA = YES;
				CLANG_WARN_CONSTANT_CONVERSION = YES;
				CLANG_WARN_DEPRECATED_OBJC_IMPLEMENTATIONS = YES;
				CLANG_WARN_DIRECT_OBJC_ISA_USAGE = YES_ERROR;
				CLANG_WARN_DOCUMENTATION_COMMENTS = YES;
				CLANG_WARN_EMPTY_BODY = YES;
				CLANG_WARN_ENUM_CONVERSION = YES;
				CLANG_WARN_INFINITE_RECURSION = YES;
				CLANG_WARN_INT_CONVERSION = YES;
				CLANG_WARN_NON_LITERAL_NULL_CONVERSION = YES;
				CLANG_WARN_OBJC_IMPLICIT_RETAIN_SELF = YES;
				CLANG_WARN_OBJC_LITERAL_CONVERSION = YES;
				CLANG_WARN_OBJC_ROOT_CLASS = YES_ERROR;
				CLANG_WARN_QUOTED_INCLUDE_IN_FRAMEWORK_HEADER = YES;
				CLANG_WARN_RANGE_LOOP_ANALYSIS = YES;
				CLANG_WARN_STRICT_PROTOTYPES = YES;
				CLANG_WARN_SUSPICIOUS_MOVE = YES;
				CLANG_WARN_UNGUARDED_AVAILABILITY = YES_AGGRESSIVE;
				CLANG_WARN_UNREACHABLE_CODE = YES;
				CLANG_WARN__DUPLICATE_METHOD_MATCH = YES;
				COPY_PHASE_STRIP = NO;
				DEBUG_INFORMATION_FORMAT = "dwarf-with-dsym";
				ENABLE_NS_ASSERTIONS = NO;
				ENABLE_STRICT_OBJC_MSGSEND = YES;
				ENABLE_USER_SCRIPT_SANDBOXING = YES;
				GCC_C_LANGUAGE_STANDARD = gnu17;
				GCC_NO_COMMON_BLOCKS = YES;
				GCC_WARN_64_TO_32_BIT_CONVERSION = YES;
				GCC_WARN_ABOUT_RETURN_TYPE = YES_ERROR;
				GCC_WARN_UNDECLARED_SELECTOR = YES;
				GCC_WARN_UNINITIALIZED_AUTOS = YES_AGGRESSIVE;
				GCC_WARN_UNUSED_FUNCTION = YES;
				GCC_WARN_UNUSED_VARIABLE = YES;
				IPHONEOS_DEPLOYMENT_TARGET = 18.2;
				LOCALIZATION_PREFERS_STRING_CATALOGS = YES;
				MTL_ENABLE_DEBUG_INFO = NO;
				MTL_FAST_MATH = YES;
				SDKROOT = iphoneos;
				SWIFT_COMPILATION_MODE = wholemodule;
				VALIDATE_PRODUCT = YES;
			};
			name = Release;
		};
		ED2AA5D62F644DE500B8AB6E /* Debug */ = {
			isa = XCBuildConfiguration;
			buildSettings = {
				ASSETCATALOG_COMPILER_APPICON_NAME = AppIcon;
				ASSETCATALOG_COMPILER_GLOBAL_ACCENT_COLOR_NAME = AccentColor;
				CODE_SIGN_STYLE = Automatic;
				CURRENT_PROJECT_VERSION = 1;
				DEVELOPMENT_ASSET_PATHS = "\"WaterStack/Preview Content\"";
				DEVELOPMENT_TEAM = 84TBU45837;
				ENABLE_PREVIEWS = YES;
				GENERATE_INFOPLIST_FILE = YES;
				INFOPLIST_KEY_UIApplicationSceneManifest_Generation = YES;
				INFOPLIST_KEY_UIApplicationSupportsIndirectInputEvents = YES;
				INFOPLIST_KEY_UILaunchStoryboardName = LaunchScreen;
				INFOPLIST_KEY_UISupportedInterfaceOrientations_iPad = "UIInterfaceOrientationPortrait UIInterfaceOrientationPortraitUpsideDown UIInterfaceOrientationLandscapeLeft UIInterfaceOrientationLandscapeRight";
				INFOPLIST_KEY_UISupportedInterfaceOrientations_iPhone = "UIInterfaceOrientationPortrait UIInterfaceOrientationLandscapeLeft UIInterfaceOrientationLandscapeRight";
				LD_RUNPATH_SEARCH_PATHS = (
					"$(inherited)",
					"@executable_path/Frameworks",
				);
				MARKETING_VERSION = 1.0;
				PRODUCT_BUNDLE_IDENTIFIER = com.dearbinary.WaterStack;
				PRODUCT_NAME = "$(TARGET_NAME)";
				SWIFT_EMIT_LOC_STRINGS = YES;
				SWIFT_VERSION = 5.0;
				TARGETED_DEVICE_FAMILY = "1,2";
			};
			name = Debug;
		};
		ED2AA5D72F644DE500B8AB6E /* Release */ = {
			isa = XCBuildConfiguration;
			buildSettings = {
				ASSETCATALOG_COMPILER_APPICON_NAME = AppIcon;
				ASSETCATALOG_COMPILER_GLOBAL_ACCENT_COLOR_NAME = AccentColor;
				CODE_SIGN_STYLE = Automatic;
				CURRENT_PROJECT_VERSION = 1;
				DEVELOPMENT_ASSET_PATHS = "\"WaterStack/Preview Content\"";
				DEVELOPMENT_TEAM = 84TBU45837;
				ENABLE_PREVIEWS = YES;
				GENERATE_INFOPLIST_FILE = YES;
				INFOPLIST_KEY_UIApplicationSceneManifest_Generation = YES;
				INFOPLIST_KEY_UIApplicationSupportsIndirectInputEvents = YES;
				INFOPLIST_KEY_UILaunchStoryboardName = LaunchScreen;
				INFOPLIST_KEY_UISupportedInterfaceOrientations_iPad = "UIInterfaceOrientationPortrait UIInterfaceOrientationPortraitUpsideDown UIInterfaceOrientationLandscapeLeft UIInterfaceOrientationLandscapeRight";
				INFOPLIST_KEY_UISupportedInterfaceOrientations_iPhone = "UIInterfaceOrientationPortrait UIInterfaceOrientationLandscapeLeft UIInterfaceOrientationLandscapeRight";
				LD_RUNPATH_SEARCH_PATHS = (
					"$(inherited)",
					"@executable_path/Frameworks",
				);
				MARKETING_VERSION = 1.0;
				PRODUCT_BUNDLE_IDENTIFIER = com.dearbinary.WaterStack;
				PRODUCT_NAME = "$(TARGET_NAME)";
				SWIFT_EMIT_LOC_STRINGS = YES;
				SWIFT_VERSION = 5.0;
				TARGETED_DEVICE_FAMILY = "1,2";
			};
			name = Release;
		};
		ED2AA5D92F644DE500B8AB6E /* Debug */ = {
			isa = XCBuildConfiguration;
			buildSettings = {
				BUNDLE_LOADER = "$(TEST_HOST)";
				CODE_SIGN_STYLE = Automatic;
				CURRENT_PROJECT_VERSION = 1;
				GENERATE_INFOPLIST_FILE = YES;
				IPHONEOS_DEPLOYMENT_TARGET = 18.2;
				MARKETING_VERSION = 1.0;
				PRODUCT_BUNDLE_IDENTIFIER = space.liferoot.WaterStackTests;
				PRODUCT_NAME = "$(TARGET_NAME)";
				SWIFT_EMIT_LOC_STRINGS = NO;
				SWIFT_VERSION = 5.0;
				TARGETED_DEVICE_FAMILY = "1,2";
				TEST_HOST = "$(BUILT_PRODUCTS_DIR)/WaterStack.app/$(BUNDLE_EXECUTABLE_FOLDER_PATH)/WaterStack";
			};
			name = Debug;
		};
		ED2AA5DA2F644DE500B8AB6E /* Release */ = {
			isa = XCBuildConfiguration;
			buildSettings = {
				BUNDLE_LOADER = "$(TEST_HOST)";
				CODE_SIGN_STYLE = Automatic;
				CURRENT_PROJECT_VERSION = 1;
				GENERATE_INFOPLIST_FILE = YES;
				IPHONEOS_DEPLOYMENT_TARGET = 18.2;
				MARKETING_VERSION = 1.0;
				PRODUCT_BUNDLE_IDENTIFIER = space.liferoot.WaterStackTests;
				PRODUCT_NAME = "$(TARGET_NAME)";
				SWIFT_EMIT_LOC_STRINGS = NO;
				SWIFT_VERSION = 5.0;
				TARGETED_DEVICE_FAMILY = "1,2";
				TEST_HOST = "$(BUILT_PRODUCTS_DIR)/WaterStack.app/$(BUNDLE_EXECUTABLE_FOLDER_PATH)/WaterStack";
			};
			name = Release;
		};
		ED2AA5DC2F644DE500B8AB6E /* Debug */ = {
			isa = XCBuildConfiguration;
			buildSettings = {
				CODE_SIGN_STYLE = Automatic;
				CURRENT_PROJECT_VERSION = 1;
				GENERATE_INFOPLIST_FILE = YES;
				MARKETING_VERSION = 1.0;
				PRODUCT_BUNDLE_IDENTIFIER = space.liferoot.WaterStackUITests;
				PRODUCT_NAME = "$(TARGET_NAME)";
				SWIFT_EMIT_LOC_STRINGS = NO;
				SWIFT_VERSION = 5.0;
				TARGETED_DEVICE_FAMILY = "1,2";
				TEST_TARGET_NAME = WaterStack;
			};
			name = Debug;
		};
		ED2AA5DD2F644DE500B8AB6E /* Release */ = {
			isa = XCBuildConfiguration;
			buildSettings = {
				CODE_SIGN_STYLE = Automatic;
				CURRENT_PROJECT_VERSION = 1;
				GENERATE_INFOPLIST_FILE = YES;
				MARKETING_VERSION = 1.0;
				PRODUCT_BUNDLE_IDENTIFIER = space.liferoot.WaterStackUITests;
				PRODUCT_NAME = "$(TARGET_NAME)";
				SWIFT_EMIT_LOC_STRINGS = NO;
				SWIFT_VERSION = 5.0;
				TARGETED_DEVICE_FAMILY = "1,2";
				TEST_TARGET_NAME = WaterStack;
			};
			name = Release;
		};
/* End XCBuildConfiguration section */

/* Begin XCConfigurationList section */
		ED2AA5AC2F644DE300B8AB6E /* Build configuration list for PBXProject "WaterStack" */ = {
			isa = XCConfigurationList;
			buildConfigurations = (
				ED2AA5D32F644DE500B8AB6E /* Debug */,
				ED2AA5D42F644DE500B8AB6E /* Release */,
			);
			defaultConfigurationIsVisible = 0;
			defaultConfigurationName = Release;
		};
		ED2AA5D52F644DE500B8AB6E /* Build configuration list for PBXNativeTarget "WaterStack" */ = {
			isa = XCConfigurationList;
			buildConfigurations = (
				ED2AA5D62F644DE500B8AB6E /* Debug */,
				ED2AA5D72F644DE500B8AB6E /* Release */,
			);
			defaultConfigurationIsVisible = 0;
			defaultConfigurationName = Release;
		};
		ED2AA5D82F644DE500B8AB6E /* Build configuration list for PBXNativeTarget "WaterStackTests" */ = {
			isa = XCConfigurationList;
			buildConfigurations = (
				ED2AA5D92F644DE500B8AB6E /* Debug */,
				ED2AA5DA2F644DE500B8AB6E /* Release */,
			);
			defaultConfigurationIsVisible = 0;
			defaultConfigurationName = Release;
		};
		ED2AA5DB2F644DE500B8AB6E /* Build configuration list for PBXNativeTarget "WaterStackUITests" */ = {
			isa = XCConfigurationList;
			buildConfigurations = (
				ED2AA5DC2F644DE500B8AB6E /* Debug */,
				ED2AA5DD2F644DE500B8AB6E /* Release */,
			);
			defaultConfigurationIsVisible = 0;
			defaultConfigurationName = Release;
		};
/* End XCConfigurationList section */
	};
	rootObject = ED2AA5A92F644DE300B8AB6E /* Project object */;
}
